// !$*UTF8*$!
{
	archiveVersion = 1;
	classes = {
	};
	objectVersion = 56;
	objects = {

/* Begin PBXBuildFile section */
		2510DB93297C8C5000FD9575 /* AppDelegate.swift in Sources */ = {isa = PBXBuildFile; fileRef = 2510DB92297C8C5000FD9575 /* AppDelegate.swift */; };
		2510DB95297C8C5000FD9575 /* SceneDelegate.swift in Sources */ = {isa = PBXBuildFile; fileRef = 2510DB94297C8C5000FD9575 /* SceneDelegate.swift */; };
		2510DB97297C8C5000FD9575 /* AnimeController.swift in Sources */ = {isa = PBXBuildFile; fileRef = 2510DB96297C8C5000FD9575 /* AnimeController.swift */; };
		2510DB9C297C8C5000FD9575 /* Assets.xcassets in Resources */ = {isa = PBXBuildFile; fileRef = 2510DB9B297C8C5000FD9575 /* Assets.xcassets */; };
		2510DB9F297C8C5000FD9575 /* LaunchScreen.storyboard in Resources */ = {isa = PBXBuildFile; fileRef = 2510DB9D297C8C5000FD9575 /* LaunchScreen.storyboard */; };
		2510DBAE297C8CF600FD9575 /* Extensions.swift in Sources */ = {isa = PBXBuildFile; fileRef = 2510DBAD297C8CF600FD9575 /* Extensions.swift */; };
		2510DBB0297C8D0100FD9575 /* Constants .swift in Sources */ = {isa = PBXBuildFile; fileRef = 2510DBAF297C8D0100FD9575 /* Constants .swift */; };
		2510DBB2297C8D0F00FD9575 /* Service.swift in Sources */ = {isa = PBXBuildFile; fileRef = 2510DBB1297C8D0F00FD9575 /* Service.swift */; };
		2510DBB4297C8E9800FD9575 /* Moe.swift in Sources */ = {isa = PBXBuildFile; fileRef = 2510DBB3297C8E9800FD9575 /* Moe.swift */; };
/* End PBXBuildFile section */

/* Begin PBXFileReference section */
		2510DB8F297C8C5000FD9575 /* AnimeClassifier.app */ = {isa = PBXFileReference; explicitFileType = wrapper.application; includeInIndex = 0; path = AnimeClassifier.app; sourceTree = BUILT_PRODUCTS_DIR; };
		2510DB92297C8C5000FD9575 /* AppDelegate.swift */ = {isa = PBXFileReference; lastKnownFileType = sourcecode.swift; path = AppDelegate.swift; sourceTree = "<group>"; };
		2510DB94297C8C5000FD9575 /* SceneDelegate.swift */ = {isa = PBXFileReference; lastKnownFileType = sourcecode.swift; path = SceneDelegate.swift; sourceTree = "<group>"; };
		2510DB96297C8C5000FD9575 /* AnimeController.swift */ = {isa = PBXFileReference; lastKnownFileType = sourcecode.swift; path = AnimeController.swift; sourceTree = "<group>"; };
		2510DB9B297C8C5000FD9575 /* Assets.xcassets */ = {isa = PBXFileReference; lastKnownFileType = folder.assetcatalog; path = Assets.xcassets; sourceTree = "<group>"; };
		2510DB9E297C8C5000FD9575 /* Base */ = {isa = PBXFileReference; lastKnownFileType = file.storyboard; name = Base; path = Base.lproj/LaunchScreen.storyboard; sourceTree = "<group>"; };
		2510DBA0297C8C5000FD9575 /* Info.plist */ = {isa = PBXFileReference; lastKnownFileType = text.plist.xml; path = Info.plist; sourceTree = "<group>"; };
		2510DBAD297C8CF600FD9575 /* Extensions.swift */ = {isa = PBXFileReference; lastKnownFileType = sourcecode.swift; path = Extensions.swift; sourceTree = "<group>"; };
		2510DBAF297C8D0100FD9575 /* Constants .swift */ = {isa = PBXFileReference; lastKnownFileType = sourcecode.swift; path = "Constants .swift"; sourceTree = "<group>"; };
		2510DBB1297C8D0F00FD9575 /* Service.swift */ = {isa = PBXFileReference; lastKnownFileType = sourcecode.swift; path = Service.swift; sourceTree = "<group>"; };
		2510DBB3297C8E9800FD9575 /* Moe.swift */ = {isa = PBXFileReference; lastKnownFileType = sourcecode.swift; path = Moe.swift; sourceTree = "<group>"; };
/* End PBXFileReference section */

/* Begin PBXFrameworksBuildPhase section */
		2510DB8C297C8C5000FD9575 /* Frameworks */ = {
			isa = PBXFrameworksBuildPhase;
			buildActionMask = 2147483647;
			files = (
			);
			runOnlyForDeploymentPostprocessing = 0;
		};
/* End PBXFrameworksBuildPhase section */

/* Begin PBXGroup section */
		2510DB86297C8C5000FD9575 = {
			isa = PBXGroup;
			children = (
				2510DB91297C8C5000FD9575 /* AnimeClassifier */,
				2510DB90297C8C5000FD9575 /* Products */,
			);
			sourceTree = "<group>";
		};
		2510DB90297C8C5000FD9575 /* Products */ = {
			isa = PBXGroup;
			children = (
				2510DB8F297C8C5000FD9575 /* AnimeClassifier.app */,
			);
			name = Products;
			sourceTree = "<group>";
		};
		2510DB91297C8C5000FD9575 /* AnimeClassifier */ = {
			isa = PBXGroup;
			children = (
				2510DBAC297C8CEB00FD9575 /* Model */,
				2510DBAB297C8CE700FD9575 /* View */,
				2510DBAA297C8CE100FD9575 /* Controller */,
				2510DBA9297C8CDB00FD9575 /* API */,
				2510DBA8297C8CD600FD9575 /* Service */,
				2510DBA7297C8CD200FD9575 /* Utils */,
				2510DB92297C8C5000FD9575 /* AppDelegate.swift */,
				2510DB94297C8C5000FD9575 /* SceneDelegate.swift */,
				2510DB96297C8C5000FD9575 /* AnimeController.swift */,
				2510DB9B297C8C5000FD9575 /* Assets.xcassets */,
				2510DB9D297C8C5000FD9575 /* LaunchScreen.storyboard */,
				2510DBA0297C8C5000FD9575 /* Info.plist */,
			);
			path = AnimeClassifier;
			sourceTree = "<group>";
		};
		2510DBA7297C8CD200FD9575 /* Utils */ = {
			isa = PBXGroup;
			children = (
				2510DBAD297C8CF600FD9575 /* Extensions.swift */,
				2510DBAF297C8D0100FD9575 /* Constants .swift */,
			);
			path = Utils;
			sourceTree = "<group>";
		};
		2510DBA8297C8CD600FD9575 /* Service */ = {
			isa = PBXGroup;
			children = (
				2510DBB1297C8D0F00FD9575 /* Service.swift */,
			);
			path = Service;
			sourceTree = "<group>";
		};
		2510DBA9297C8CDB00FD9575 /* API */ = {
			isa = PBXGroup;
			children = (
			);
			path = API;
			sourceTree = "<group>";
		};
		2510DBAA297C8CE100FD9575 /* Controller */ = {
			isa = PBXGroup;
			children = (
			);
			path = Controller;
			sourceTree = "<group>";
		};
		2510DBAB297C8CE700FD9575 /* View */ = {
			isa = PBXGroup;
			children = (
			);
			path = View;
			sourceTree = "<group>";
		};
		2510DBAC297C8CEB00FD9575 /* Model */ = {
			isa = PBXGroup;
			children = (
				2510DBB3297C8E9800FD9575 /* Moe.swift */,
			);
			path = Model;
			sourceTree = "<group>";
		};
/* End PBXGroup section */

/* Begin PBXNativeTarget section */
		2510DB8E297C8C5000FD9575 /* AnimeClassifier */ = {
			isa = PBXNativeTarget;
			buildConfigurationList = 2510DBA3297C8C5000FD9575 /* Build configuration list for PBXNativeTarget "AnimeClassifier" */;
			buildPhases = (
				2510DB8B297C8C5000FD9575 /* Sources */,
				2510DB8C297C8C5000FD9575 /* Frameworks */,
				2510DB8D297C8C5000FD9575 /* Resources */,
			);
			buildRules = (
			);
			dependencies = (
			);
			name = AnimeClassifier;
			productName = AnimeClassifier;
			productReference = 2510DB8F297C8C5000FD9575 /* AnimeClassifier.app */;
			productType = "com.apple.product-type.application";
		};
/* End PBXNativeTarget section */

/* Begin PBXProject section */
		2510DB87297C8C5000FD9575 /* Project object */ = {
			isa = PBXProject;
			attributes = {
				BuildIndependentTargetsInParallel = 1;
				LastSwiftUpdateCheck = 1420;
				LastUpgradeCheck = 1420;
				TargetAttributes = {
					2510DB8E297C8C5000FD9575 = {
						CreatedOnToolsVersion = 14.2;
					};
				};
			};
			buildConfigurationList = 2510DB8A297C8C5000FD9575 /* Build configuration list for PBXProject "AnimeClassifier" */;
			compatibilityVersion = "Xcode 14.0";
			developmentRegion = en;
			hasScannedForEncodings = 0;
			knownRegions = (
				en,
				Base,
			);
			mainGroup = 2510DB86297C8C5000FD9575;
			productRefGroup = 2510DB90297C8C5000FD9575 /* Products */;
			projectDirPath = "";
			projectRoot = "";
			targets = (
				2510DB8E297C8C5000FD9575 /* AnimeClassifier */,
			);
		};
/* End PBXProject section */

/* Begin PBXResourcesBuildPhase section */
		2510DB8D297C8C5000FD9575 /* Resources */ = {
			isa = PBXResourcesBuildPhase;
			buildActionMask = 2147483647;
			files = (
				2510DB9F297C8C5000FD9575 /* LaunchScreen.storyboard in Resources */,
				2510DB9C297C8C5000FD9575 /* Assets.xcassets in Resources */,
			);
			runOnlyForDeploymentPostprocessing = 0;
		};
/* End PBXResourcesBuildPhase section */

/* Begin PBXSourcesBuildPhase section */
		2510DB8B297C8C5000FD9575 /* Sources */ = {
			isa = PBXSourcesBuildPhase;
			buildActionMask = 2147483647;
			files = (
				2510DBB0297C8D0100FD9575 /* Constants .swift in Sources */,
				2510DB97297C8C5000FD9575 /* AnimeController.swift in Sources */,
				2510DBB4297C8E9800FD9575 /* Moe.swift in Sources */,
				2510DB93297C8C5000FD9575 /* AppDelegate.swift in Sources */,
				2510DB95297C8C5000FD9575 /* SceneDelegate.swift in Sources */,
				2510DBAE297C8CF600FD9575 /* Extensions.swift in Sources */,
				2510DBB2297C8D0F00FD9575 /* Service.swift in Sources */,
			);
			runOnlyForDeploymentPostprocessing = 0;
		};
/* End PBXSourcesBuildPhase section */

/* Begin PBXVariantGroup section */
		2510DB9D297C8C5000FD9575 /* LaunchScreen.storyboard */ = {
			isa = PBXVariantGroup;
			children = (
				2510DB9E297C8C5000FD9575 /* Base */,
			);
			name = LaunchScreen.storyboard;
			sourceTree = "<group>";
		};
/* End PBXVariantGroup section */

/* Begin XCBuildConfiguration section */
		2510DBA1297C8C5000FD9575 /* Debug */ = {
			isa = XCBuildConfiguration;
			buildSettings = {
				ALWAYS_SEARCH_USER_PATHS = NO;
				CLANG_ANALYZER_NONNULL = YES;
				CLANG_ANALYZER_NUMBER_OBJECT_CONVERSION = YES_AGGRESSIVE;
				CLANG_CXX_LANGUAGE_STANDARD = "gnu++20";
				CLANG_ENABLE_MODULES = YES;
				CLANG_ENABLE_OBJC_ARC = YES;
				CLANG_ENABLE_OBJC_WEAK = YES;
				CLANG_WARN_BLOCK_CAPTURE_AUTORELEASING = YES;
				CLANG_WARN_BOOL_CONVERSION = YES;
				CLANG_WARN_COMMA = YES;
				CLANG_WARN_CONSTANT_CONVERSION = YES;
				CLANG_WARN_DEPRECATED_OBJC_IMPLEMENTATIONS = YES;
				CLANG_WARN_DIRECT_OBJC_ISA_USAGE = YES_ERROR;
				CLANG_WARN_DOCUMENTATION_COMMENTS = YES;
				CLANG_WARN_EMPTY_BODY = YES;
				CLANG_WARN_ENUM_CONVERSION = YES;
				CLANG_WARN_INFINITE_RECURSION = YES;
				CLANG_WARN_INT_CONVERSION = YES;
				CLANG_WARN_NON_LITERAL_NULL_CONVERSION = YES;
				CLANG_WARN_OBJC_IMPLICIT_RETAIN_SELF = YES;
				CLANG_WARN_OBJC_LITERAL_CONVERSION = YES;
				CLANG_WARN_OBJC_ROOT_CLASS = YES_ERROR;
				CLANG_WARN_QUOTED_INCLUDE_IN_FRAMEWORK_HEADER = YES;
				CLANG_WARN_RANGE_LOOP_ANALYSIS = YES;
				CLANG_WARN_STRICT_PROTOTYPES = YES;
				CLANG_WARN_SUSPICIOUS_MOVE = YES;
				CLANG_WARN_UNGUARDED_AVAILABILITY = YES_AGGRESSIVE;
				CLANG_WARN_UNREACHABLE_CODE = YES;
				CLANG_WARN__DUPLICATE_METHOD_MATCH = YES;
				COPY_PHASE_STRIP = NO;
				DEBUG_INFORMATION_FORMAT = dwarf;
				ENABLE_STRICT_OBJC_MSGSEND = YES;
				ENABLE_TESTABILITY = YES;
				GCC_C_LANGUAGE_STANDARD = gnu11;
				GCC_DYNAMIC_NO_PIC = NO;
				GCC_NO_COMMON_BLOCKS = YES;
				GCC_OPTIMIZATION_LEVEL = 0;
				GCC_PREPROCESSOR_DEFINITIONS = (
					"DEBUG=1",
					"$(inherited)",
				);
				GCC_WARN_64_TO_32_BIT_CONVERSION = YES;
				GCC_WARN_ABOUT_RETURN_TYPE = YES_ERROR;
				GCC_WARN_UNDECLARED_SELECTOR = YES;
				GCC_WARN_UNINITIALIZED_AUTOS = YES_AGGRESSIVE;
				GCC_WARN_UNUSED_FUNCTION = YES;
				GCC_WARN_UNUSED_VARIABLE = YES;
				IPHONEOS_DEPLOYMENT_TARGET = 16.2;
				MTL_ENABLE_DEBUG_INFO = INCLUDE_SOURCE;
				MTL_FAST_MATH = YES;
				ONLY_ACTIVE_ARCH = YES;
				SDKROOT = iphoneos;
				SWIFT_ACTIVE_COMPILATION_CONDITIONS = DEBUG;
				SWIFT_OPTIMIZATION_LEVEL = "-Onone";
			};
			name = Debug;
		};
		2510DBA2297C8C5000FD9575 /* Release */ = {
			isa = XCBuildConfiguration;
			buildSettings = {
				ALWAYS_SEARCH_USER_PATHS = NO;
				CLANG_ANALYZER_NONNULL = YES;
				CLANG_ANALYZER_NUMBER_OBJECT_CONVERSION = YES_AGGRESSIVE;
				CLANG_CXX_LANGUAGE_STANDARD = "gnu++20";
				CLANG_ENABLE_MODULES = YES;
				CLANG_ENABLE_OBJC_ARC = YES;
				CLANG_ENABLE_OBJC_WEAK = YES;
				CLANG_WARN_BLOCK_CAPTURE_AUTORELEASING = YES;
				CLANG_WARN_BOOL_CONVERSION = YES;
				CLANG_WARN_COMMA = YES;
				CLANG_WARN_CONSTANT_CONVERSION = YES;
				CLANG_WARN_DEPRECATED_OBJC_IMPLEMENTATIONS = YES;
				CLANG_WARN_DIRECT_OBJC_ISA_USAGE = YES_ERROR;
				CLANG_WARN_DOCUMENTATION_COMMENTS = YES;
				CLANG_WARN_EMPTY_BODY = YES;
				CLANG_WARN_ENUM_CONVERSION = YES;
				CLANG_WARN_INFINITE_RECURSION = YES;
				CLANG_WARN_INT_CONVERSION = YES;
				CLANG_WARN_NON_LITERAL_NULL_CONVERSION = YES;
				CLANG_WARN_OBJC_IMPLICIT_RETAIN_SELF = YES;
				CLANG_WARN_OBJC_LITERAL_CONVERSION = YES;
				CLANG_WARN_OBJC_ROOT_CLASS = YES_ERROR;
				CLANG_WARN_QUOTED_INCLUDE_IN_FRAMEWORK_HEADER = YES;
				CLANG_WARN_RANGE_LOOP_ANALYSIS = YES;
				CLANG_WARN_STRICT_PROTOTYPES = YES;
				CLANG_WARN_SUSPICIOUS_MOVE = YES;
				CLANG_WARN_UNGUARDED_AVAILABILITY = YES_AGGRESSIVE;
				CLANG_WARN_UNREACHABLE_CODE = YES;
				CLANG_WARN__DUPLICATE_METHOD_MATCH = YES;
				COPY_PHASE_STRIP = NO;
				DEBUG_INFORMATION_FORMAT = "dwarf-with-dsym";
				ENABLE_NS_ASSERTIONS = NO;
				ENABLE_STRICT_OBJC_MSGSEND = YES;
				GCC_C_LANGUAGE_STANDARD = gnu11;
				GCC_NO_COMMON_BLOCKS = YES;
				GCC_WARN_64_TO_32_BIT_CONVERSION = YES;
				GCC_WARN_ABOUT_RETURN_TYPE = YES_ERROR;
				GCC_WARN_UNDECLARED_SELECTOR = YES;
				GCC_WARN_UNINITIALIZED_AUTOS = YES_AGGRESSIVE;
				GCC_WARN_UNUSED_FUNCTION = YES;
				GCC_WARN_UNUSED_VARIABLE = YES;
				IPHONEOS_DEPLOYMENT_TARGET = 16.2;
				MTL_ENABLE_DEBUG_INFO = NO;
				MTL_FAST_MATH = YES;
				SDKROOT = iphoneos;
				SWIFT_COMPILATION_MODE = wholemodule;
				SWIFT_OPTIMIZATION_LEVEL = "-O";
				VALIDATE_PRODUCT = YES;
			};
			name = Release;
		};
		2510DBA4297C8C5000FD9575 /* Debug */ = {
			isa = XCBuildConfiguration;
			buildSettings = {
				ASSETCATALOG_COMPILER_APPICON_NAME = AppIcon;
				ASSETCATALOG_COMPILER_GLOBAL_ACCENT_COLOR_NAME = AccentColor;
				CODE_SIGN_STYLE = Automatic;
				CURRENT_PROJECT_VERSION = 1;
				DEVELOPMENT_TEAM = 7SA8N5B57Q;
				GENERATE_INFOPLIST_FILE = YES;
				INFOPLIST_FILE = AnimeClassifier/Info.plist;
				INFOPLIST_KEY_UIApplicationSupportsIndirectInputEvents = YES;
				INFOPLIST_KEY_UILaunchStoryboardName = LaunchScreen;
				INFOPLIST_KEY_UIMainStoryboardFile = Main;
				INFOPLIST_KEY_UISupportedInterfaceOrientations_iPad = "UIInterfaceOrientationPortrait UIInterfaceOrientationPortraitUpsideDown UIInterfaceOrientationLandscapeLeft UIInterfaceOrientationLandscapeRight";
				INFOPLIST_KEY_UISupportedInterfaceOrientations_iPhone = "UIInterfaceOrientationPortrait UIInterfaceOrientationLandscapeLeft UIInterfaceOrientationLandscapeRight";
				LD_RUNPATH_SEARCH_PATHS = (
					"$(inherited)",
					"@executable_path/Frameworks",
				);
				MARKETING_VERSION = 1.0;
				PRODUCT_BUNDLE_IDENTIFIER = com.aliapps.AnimeClassifier;
				PRODUCT_NAME = "$(TARGET_NAME)";
				SWIFT_EMIT_LOC_STRINGS = YES;
				SWIFT_VERSION = 5.0;
				TARGETED_DEVICE_FAMILY = "1,2";
			};
			name = Debug;
		};
		2510DBA5297C8C5000FD9575 /* Release */ = {
			isa = XCBuildConfiguration;
			buildSettings = {
				ASSETCATALOG_COMPILER_APPICON_NAME = AppIcon;
				ASSETCATALOG_COMPILER_GLOBAL_ACCENT_COLOR_NAME = AccentColor;
				CODE_SIGN_STYLE = Automatic;
				CURRENT_PROJECT_VERSION = 1;
				DEVELOPMENT_TEAM = 7SA8N5B57Q;
				GENERATE_INFOPLIST_FILE = YES;
				INFOPLIST_FILE = AnimeClassifier/Info.plist;
				INFOPLIST_KEY_UIApplicationSupportsIndirectInputEvents = YES;
				INFOPLIST_KEY_UILaunchStoryboardName = LaunchScreen;
				INFOPLIST_KEY_UIMainStoryboardFile = Main;
				INFOPLIST_KEY_UISupportedInterfaceOrientations_iPad = "UIInterfaceOrientationPortrait UIInterfaceOrientationPortraitUpsideDown UIInterfaceOrientationLandscapeLeft UIInterfaceOrientationLandscapeRight";
				INFOPLIST_KEY_UISupportedInterfaceOrientations_iPhone = "UIInterfaceOrientationPortrait UIInterfaceOrientationLandscapeLeft UIInterfaceOrientationLandscapeRight";
				LD_RUNPATH_SEARCH_PATHS = (
					"$(inherited)",
					"@executable_path/Frameworks",
				);
				MARKETING_VERSION = 1.0;
				PRODUCT_BUNDLE_IDENTIFIER = com.aliapps.AnimeClassifier;
				PRODUCT_NAME = "$(TARGET_NAME)";
				SWIFT_EMIT_LOC_STRINGS = YES;
				SWIFT_VERSION = 5.0;
				TARGETED_DEVICE_FAMILY = "1,2";
			};
			name = Release;
		};
/* End XCBuildConfiguration section */

/* Begin XCConfigurationList section */
		2510DB8A297C8C5000FD9575 /* Build configuration list for PBXProject "AnimeClassifier" */ = {
			isa = XCConfigurationList;
			buildConfigurations = (
				2510DBA1297C8C5000FD9575 /* Debug */,
				2510DBA2297C8C5000FD9575 /* Release */,
			);
			defaultConfigurationIsVisible = 0;
			defaultConfigurationName = Release;
		};
		2510DBA3297C8C5000FD9575 /* Build configuration list for PBXNativeTarget "AnimeClassifier" */ = {
			isa = XCConfigurationList;
			buildConfigurations = (
				2510DBA4297C8C5000FD9575 /* Debug */,
				2510DBA5297C8C5000FD9575 /* Release */,
			);
			defaultConfigurationIsVisible = 0;
			defaultConfigurationName = Release;
		};
/* End XCConfigurationList section */
	};
	rootObject = 2510DB87297C8C5000FD9575 /* Project object */;
}
